<Solution>
  <Configurations>
    <Platform Name="x64" />
    <Platform Name="x86" />
  </Configurations>
  <Project Path="SDL-release-3.4.0/VisualC/SDL/SDL.vcxproj" Id="81ce8daf-ebb2-4761-8e45-b71abcca8c68" />
  <Project Path="TileRace/TileRace.vcxproj" Id="829a8cb5-ed8f-4181-b76d-630e12e28bcf" />
</Solution>
