<?xml version="1.0" encoding="utf-8"?>
<Project ToolsVersion="4.0" xmlns="http://schemas.microsoft.com/developer/msbuild/2003">
  <ItemGroup>
    <ClCompile Include="src\engine\Game.cpp" />
    <ClCompile Include="src\engine\InputManager.cpp" />
    <ClCompile Include="src\entities\Tile.cpp" />
    <ClCompile Include="src\main.cpp" />
    <ClCompile Include="src\entities\TileMap.cpp" />
    <ClCompile Include="src\utility\FileIO.cpp" />
  </ItemGroup>
  <ItemGroup>
    <ClInclude Include="src\engine\Game.h" />
    <ClInclude Include="src\engine\InputManager.h" />
    <ClInclude Include="src\entities\Tile.h" />
    <ClInclude Include="src\entities\TileMap.h" />
    <ClInclude Include="src\utility\FileIO.h" />
  </ItemGroup>
</Project>