<?xml version="1.0" encoding="utf-8"?>
<Project ToolsVersion="4.0" xmlns="http://schemas.microsoft.com/developer/msbuild/2003">
  <ItemGroup>
    <ClCompile Include="src\engine\Game.cpp" />
    <ClCompile Include="src\engine\InputManager.cpp" />
    <ClCompile Include="src\engine\NetworkManager.cpp" />
    <ClCompile Include="src\entities\Player.cpp" />
    <ClCompile Include="src\entities\Tile.cpp" />
    <ClCompile Include="src\entities\TrailManager.cpp" />
    <ClCompile Include="src\ENetTest.cpp" />
    <ClCompile Include="src\main.cpp" />
  </ItemGroup>
  <ItemGroup>
    <ClInclude Include="src\engine\Game.h" />
    <ClInclude Include="src\engine\InputManager.h" />
    <ClInclude Include="src\engine\NetworkManager.h" />
    <ClInclude Include="src\entities\Player.h" />
    <ClInclude Include="src\entities\Tile.h" />
    <ClInclude Include="src\entities\TrailManager.h" />
  </ItemGroup>
</Project>